{
  "version": "5",
  "specifiers": {
    "jsr:@gramio/callback-data@^0.0.3": "0.0.3",
    "jsr:@gramio/contexts@^0.0.23": "0.0.23",
    "jsr:@gramio/core@~0.1.5": "0.1.5",
    "jsr:@gramio/files@0.3": "0.3.0",
    "jsr:@gramio/files@^0.0.10": "0.0.10",
    "jsr:@gramio/format@~0.1.3": "0.1.5",
    "jsr:@gramio/keyboards@~0.3.3": "0.3.3",
    "jsr:@gramio/types@^7.10.0": "7.11.0",
    "jsr:@gramio/types@^7.3.4": "7.11.0",
    "jsr:@std/assert@1": "1.0.16",
    "jsr:@std/bytes@^1.0.6": "1.0.6",
    "jsr:@std/crypto@^1.0.5": "1.0.5",
    "jsr:@std/csv@1": "1.0.6",
    "jsr:@std/dotenv@~0.225.5": "0.225.5",
    "jsr:@std/internal@^1.0.12": "1.0.12",
    "jsr:@std/streams@^1.0.9": "1.0.14",
    "jsr:@std/uuid@^1.0.9": "1.0.9",
    "npm:@types/node@*": "24.2.0",
    "npm:bcrypt@6": "6.0.0",
    "npm:cron@^4.3.4": "4.3.4",
    "npm:debug@^4.3.5": "4.4.3",
    "npm:excel@^1.0.1": "1.0.1",
    "npm:inspectable@^3.0.2": "3.0.2",
    "npm:middleware-io@^2.8.1": "2.8.1",
    "npm:mysql@^2.18.1": "2.18.1",
    "npm:xlsx@~0.18.5": "0.18.5"
  },
  "jsr": {
    "@gramio/callback-data@0.0.3": {
      "integrity": "e5d553e16b5a14ff28e58f85a94e2c7594ac8ab10f2c0fd5e5f820742aeb936d"
    },
    "@gramio/contexts@0.0.23": {
      "integrity": "b7aa1f3bbbed207054c2b1d1a603f98233abbf9d1f6109862795a42d6ebe85ae",
      "dependencies": [
        "jsr:@gramio/types@^7.10.0",
        "npm:inspectable"
      ]
    },
    "@gramio/core@0.1.5": {
      "integrity": "c6bdded316b9e9c6edd63a76e27c80daac2aed7b2dcfa9b11ec1ce135ef59a42",
      "dependencies": [
        "jsr:@gramio/callback-data",
        "jsr:@gramio/contexts",
        "jsr:@gramio/files@^0.0.10",
        "jsr:@gramio/format",
        "jsr:@gramio/keyboards",
        "jsr:@gramio/types@^7.10.0",
        "npm:debug",
        "npm:inspectable",
        "npm:middleware-io"
      ]
    },
    "@gramio/files@0.0.10": {
      "integrity": "9dc6d593a4857e2c0d051c857a119590584fe80b531713c5038910e6e2a88191",
      "dependencies": [
        "jsr:@gramio/types@^7.3.4"
      ]
    },
    "@gramio/files@0.3.0": {
      "integrity": "adeba2266298913f3db145884cf533260184009db8a302c3f317253f739ded59"
    },
    "@gramio/format@0.1.5": {
      "integrity": "1cc7d69d0ab96c8733935ffa1e6769642c3de6c810a00c170796573cec6eb38f",
      "dependencies": [
        "jsr:@gramio/types@^7.3.4"
      ]
    },
    "@gramio/keyboards@0.3.3": {
      "integrity": "4393bd03edadb453f8c570cc6fb561f83c0745a20a45fa4b3a1acf296e6af43c",
      "dependencies": [
        "jsr:@gramio/types@^7.3.4"
      ]
    },
    "@gramio/types@7.11.0": {
      "integrity": "583513dd8ebf165efd18f5f7169932f4955b4128721fd9989e77f0dda608ae8c"
    },
    "@std/assert@1.0.16": {
      "integrity": "6a7272ed1eaa77defe76e5ff63ca705d9c495077e2d5fd0126d2b53fc5bd6532",
      "dependencies": [
        "jsr:@std/internal"
      ]
    },
    "@std/bytes@1.0.6": {
      "integrity": "f6ac6adbd8ccd99314045f5703e23af0a68d7f7e58364b47d2c7f408aeb5820a"
    },
    "@std/crypto@1.0.5": {
      "integrity": "0dcfbb319fe0bba1bd3af904ceb4f948cde1b92979ec1614528380ed308a3b40"
    },
    "@std/csv@1.0.6": {
      "integrity": "52ef0e62799a0028d278fa04762f17f9bd263fad9a8e7f98c14fbd371d62d9fd",
      "dependencies": [
        "jsr:@std/streams"
      ]
    },
    "@std/dotenv@0.225.5": {
      "integrity": "9ce6f9d0ec3311f74a32535aa1b8c62ed88b1ab91b7f0815797d77a6f60c922f"
    },
    "@std/internal@1.0.12": {
      "integrity": "972a634fd5bc34b242024402972cd5143eac68d8dffaca5eaa4dba30ce17b027"
    },
    "@std/streams@1.0.14": {
      "integrity": "c0df6cdd73bd4bbcbe4baa89e323b88418c90ceb2d926f95aa99bdcdbfca2411",
      "dependencies": [
        "jsr:@std/bytes"
      ]
    },
    "@std/uuid@1.0.9": {
      "integrity": "44b627bf2d372fe1bd099e2ad41b2be41a777fc94e62a3151006895a037f1642",
      "dependencies": [
        "jsr:@std/bytes",
        "jsr:@std/crypto"
      ]
    }
  },
  "npm": {
    "@types/luxon@3.7.1": {
      "integrity": "sha512-H3iskjFIAn5SlJU7OuxUmTEpebK6TKB8rxZShDslBMZJ5u9S//KM1sbdAisiSrqwLQncVjnpi2OK2J51h+4lsg=="
    },
    "@types/node@24.2.0": {
      "integrity": "sha512-3xyG3pMCq3oYCNg7/ZP+E1ooTaGB4cG8JWRsqqOYQdbWNY4zbaV0Ennrd7stjiJEFZCaybcIgpTjJWHRfBSIDw==",
      "dependencies": [
        "undici-types"
      ]
    },
    "adler-32@1.3.1": {
      "integrity": "sha512-ynZ4w/nUUv5rrsR8UUGoe1VC9hZj6V5hU9Qw1HlMDJGEJw5S7TfTErWTjMys6M7vr0YWcPqs3qAr4ss0nDfP+A=="
    },
    "balanced-match@1.0.2": {
      "integrity": "sha512-3oSeUO0TMV67hN1AmbXsK4yaqU7tjiHlbxRDZOpH0KW9+CeX4bRAaX0Anxt0tx2MrpRpWwQaPwIlISEJhYU5Pw=="
    },
    "bcrypt@6.0.0": {
      "integrity": "sha512-cU8v/EGSrnH+HnxV2z0J7/blxH8gq7Xh2JFT6Aroax7UohdmiJJlxApMxtKfuI7z68NvvVcmR78k2LbT6efhRg==",
      "dependencies": [
        "node-addon-api",
        "node-gyp-build"
      ],
      "scripts": true
    },
    "big-integer@1.6.52": {
      "integrity": "sha512-QxD8cf2eVqJOOz63z6JIN9BzvVs/dlySa5HGSBH5xtR8dPteIRQnBxxKqkNTiT6jbDTF6jAfrd4oMcND9RGbQg=="
    },
    "bignumber.js@9.0.0": {
      "integrity": "sha512-t/OYhhJ2SD+YGBQcjY8GzzDHEk9f3nerxjtfa6tlMXfe7frs/WozhvCNoGvpM0P3bNf3Gq5ZRMlGr5f3r4/N8A=="
    },
    "binary@0.3.0": {
      "integrity": "sha512-D4H1y5KYwpJgK8wk1Cue5LLPgmwHKYSChkbspQg5JtVuR5ulGckxfR62H3AE9UDkdMC8yyXlqYihuz3Aqg2XZg==",
      "dependencies": [
        "buffers",
        "chainsaw"
      ]
    },
    "bluebird@3.4.7": {
      "integrity": "sha512-iD3898SR7sWVRHbiQv+sHUtHnMvC1o3nW5rAcqnq3uOn07DSAppZYUkIGslDz6gXC7HfunPe7YVBgoEJASPcHA=="
    },
    "brace-expansion@1.1.12": {
      "integrity": "sha512-9T9UjW3r0UW5c1Q7GTwllptXwhvYmEzFhzMfZ9H7FQWt+uZePjZPjBP/W1ZEyZ1twGWom5/56TF4lPcqjnDHcg==",
      "dependencies": [
        "balanced-match",
        "concat-map"
      ]
    },
    "buffer-indexof-polyfill@1.0.2": {
      "integrity": "sha512-I7wzHwA3t1/lwXQh+A5PbNvJxgfo5r3xulgpYDB5zckTu/Z9oUK9biouBKQUjEqzaz3HnAT6TYoovmE+GqSf7A=="
    },
    "buffer-shims@1.0.0": {
      "integrity": "sha512-Zy8ZXMyxIT6RMTeY7OP/bDndfj6bwCan7SS98CEndS6deHwWPpseeHlwarNcBim+etXnF9HBc1non5JgDaJU1g=="
    },
    "buffers@0.1.1": {
      "integrity": "sha512-9q/rDEGSb/Qsvv2qvzIzdluL5k7AaJOTrw23z9reQthrbF7is4CtlT0DXyO1oei2DCp4uojjzQ7igaSHp1kAEQ=="
    },
    "cfb@1.2.2": {
      "integrity": "sha512-KfdUZsSOw19/ObEWasvBP/Ac4reZvAGauZhs6S/gqNhXhI7cKwvlH7ulj+dOEYnca4bm4SGo8C1bTAQvnTjgQA==",
      "dependencies": [
        "adler-32",
        "crc-32"
      ]
    },
    "chainsaw@0.1.0": {
      "integrity": "sha512-75kWfWt6MEKNC8xYXIdRpDehRYY/tNSgwKaJq+dbbDcxORuVrrQ+SEHoWsniVn9XPYfP4gmdWIeDk/4YNp1rNQ==",
      "dependencies": [
        "traverse"
      ]
    },
    "codepage@1.15.0": {
      "integrity": "sha512-3g6NUTPd/YtuuGrhMnOMRjFc+LJw/bnMp3+0r/Wcz3IXUuCosKRJvMphm5+Q+bvTVGcJJuRvVLuYba+WojaFaA=="
    },
    "concat-map@0.0.1": {
      "integrity": "sha512-/Srv4dswyQNBfohGpz9o6Yb3Gz3SrUDqBH5rTuhGR7ahtlbYKnVxw2bCFMRljaA7EXHaXZ8wsHdodFvbkhKmqg=="
    },
    "core-util-is@1.0.3": {
      "integrity": "sha512-ZQBvi1DcpJ4GDqanjucZ2Hj3wEO5pZDS89BWbkcrvdxksJorwUDDZamX9ldFkp9aw2lmBDLgkObEA4DWNJ9FYQ=="
    },
    "crc-32@1.2.2": {
      "integrity": "sha512-ROmzCKrTnOwybPcJApAA6WBWij23HVfGVNKqqrZpuyZOHqK2CwHSvpGuyt/UNNvaIjEd8X5IFGp4Mh+Ie1IHJQ==",
      "bin": true
    },
    "cron@4.3.4": {
      "integrity": "sha512-OiO0l73MGhQOZQCjYZ0v7r8yFWpBOWteemwR1RIxiHtfVsIOwiTJZDvg7GmKzggkwC0RO8tI3P1QYBUCIZNYRQ==",
      "dependencies": [
        "@types/luxon",
        "luxon"
      ]
    },
    "debug@4.4.3": {
      "integrity": "sha512-RGwwWnwQvkVfavKVt22FGLw+xYSdzARwm0ru6DhTVA3umU5hZc28V3kO4stgYryrTlLpuvgI9GiijltAjNbcqA==",
      "dependencies": [
        "ms"
      ]
    },
    "duplexer2@0.1.4": {
      "integrity": "sha512-asLFVfWWtJ90ZyOUHMqk7/S2w2guQKxUI2itj3d92ADHhxUSbCMGi1f1cBcJ7xM1To+pE/Khbwo1yuNbMEPKeA==",
      "dependencies": [
        "readable-stream@2.1.5"
      ]
    },
    "excel@1.0.1": {
      "integrity": "sha512-Hr9p8R/rqZqMrqLa4OHP405BEFKG9Bg2W8Sb4YqRJJP70/lDJbJHZWY4E1wYI9qyavOjp3kheOSM7EzCYcU1nA==",
      "dependencies": [
        "unzipper",
        "xmldom",
        "xpath"
      ]
    },
    "frac@1.1.2": {
      "integrity": "sha512-w/XBfkibaTl3YDqASwfDUqkna4Z2p9cFSr1aHDt0WoMTECnRfBOv2WArlZILlqgWlmdIlALXGpM2AOhEk5W3IA=="
    },
    "fs.realpath@1.0.0": {
      "integrity": "sha512-OO0pH2lK6a0hZnAdau5ItzHPI6pUlvI7jMVnxUQRtw4owF2wk8lOSabtGDCTP4Ggrg2MbGnWO9X8K1t4+fGMDw=="
    },
    "fstream@1.0.12": {
      "integrity": "sha512-WvJ193OHa0GHPEL+AycEJgxvBEwyfRkN1vhjca23OaPVMCaLCXTd5qAu82AjTcgP1UJmytkOKb63Ypde7raDIg==",
      "dependencies": [
        "graceful-fs",
        "inherits",
        "mkdirp",
        "rimraf"
      ],
      "deprecated": true
    },
    "glob@7.2.3": {
      "integrity": "sha512-nFR0zLpU2YCaRxwoCJvL6UvCH2JFyFVIvwTLsIf21AuHlMskA1hhTdk+LlYJtOlYt9v6dvszD2BGRqBL+iQK9Q==",
      "dependencies": [
        "fs.realpath",
        "inflight",
        "inherits",
        "minimatch",
        "once",
        "path-is-absolute"
      ],
      "deprecated": true
    },
    "graceful-fs@4.2.11": {
      "integrity": "sha512-RbJ5/jmFcNNCcDV5o9eTnBLJ/HszWV0P73bc+Ff4nS/rJj+YaS6IGyiOL0VoBYX+l1Wrl3k63h/KrH+nhJ0XvQ=="
    },
    "inflight@1.0.6": {
      "integrity": "sha512-k92I/b08q4wvFscXCLvqfsHCrjrF7yiXsQuIVvVE7N82W3+aqpzuUdBbfhWcy/FZR3/4IgflMgKLOsvPDrGCJA==",
      "dependencies": [
        "once",
        "wrappy"
      ],
      "deprecated": true
    },
    "inherits@2.0.4": {
      "integrity": "sha512-k/vGaX4/Yla3WzyMCvTQOXYeIHvqOKtnqBduzTHpzpQZzAskKMhZ2K+EnBiSM9zGSoIFeMpXKxa4dYeZIQqewQ=="
    },
    "inspectable@3.0.2": {
      "integrity": "sha512-XHygPjNXXe1TWQLlVdCYLejUklsGGo+XWS3Cn/RlkvnhkbZqcQxoXPrSh7Via5aATYJUMWVnrD5CbW2c+BtKMA=="
    },
    "isarray@1.0.0": {
      "integrity": "sha512-VLghIWNM6ELQzo7zwmcg0NmTVyWKYjvIeM83yjp0wRDTmUnrM678fQbcKBo6n2CJEF0szoG//ytg+TKla89ALQ=="
    },
    "listenercount@1.0.1": {
      "integrity": "sha512-3mk/Zag0+IJxeDrxSgaDPy4zZ3w05PRZeJNnlWhzFz5OkX49J4krc+A8X2d2M69vGMBEX0uyl8M+W+8gH+kBqQ=="
    },
    "luxon@3.7.2": {
      "integrity": "sha512-vtEhXh/gNjI9Yg1u4jX/0YVPMvxzHuGgCm6tC5kZyb08yjGWGnqAjGJvcXbqQR2P3MyMEFnRbpcdFS6PBcLqew=="
    },
    "middleware-io@2.8.1": {
      "integrity": "sha512-H0XftkexHKxxQsoCsItMzM7WU3S/rIFzL3T4guU8tWLKr7e5cVkdaZ+JQeeL+TB3OaHpqFi/ozYqQl69z2X6bg=="
    },
    "minimatch@3.1.2": {
      "integrity": "sha512-J7p63hRiAjw1NDEww1W7i37+ByIrOWO5XQQAzZ3VOcL0PNybwpfmV/N05zFAzwQ9USyEcX6t3UO+K5aqBQOIHw==",
      "dependencies": [
        "brace-expansion"
      ]
    },
    "minimist@1.2.8": {
      "integrity": "sha512-2yyAR8qBkN3YuheJanUpWC5U3bb5osDywNB8RzDVlDwDHbocAJveqqj1u8+SVD7jkWT4yvsHCpWqqWqAxb0zCA=="
    },
    "mkdirp@0.5.6": {
      "integrity": "sha512-FP+p8RB8OWpF3YZBCrP5gtADmtXApB5AMLn+vdyA+PyxCjrCs00mjyUozssO33cwDeT3wNGdLxJ5M//YqtHAJw==",
      "dependencies": [
        "minimist"
      ],
      "bin": true
    },
    "ms@2.1.3": {
      "integrity": "sha512-6FlzubTLZG3J2a/NVCAleEhjzq5oxgHyaCU9yYXvcLsvoVaHJq/s5xXI6/XXP6tz7R9xAOtHnSO/tXtF3WRTlA=="
    },
    "mysql@2.18.1": {
      "integrity": "sha512-Bca+gk2YWmqp2Uf6k5NFEurwY/0td0cpebAucFpY/3jhrwrVGuxU2uQFCHjU19SJfje0yQvi+rVWdq78hR5lig==",
      "dependencies": [
        "bignumber.js",
        "readable-stream@2.3.7",
        "safe-buffer",
        "sqlstring"
      ]
    },
    "node-addon-api@8.5.0": {
      "integrity": "sha512-/bRZty2mXUIFY/xU5HLvveNHlswNJej+RnxBjOMkidWfwZzgTbPG1E3K5TOxRLOR+5hX7bSofy8yf1hZevMS8A=="
    },
    "node-gyp-build@4.8.4": {
      "integrity": "sha512-LA4ZjwlnUblHVgq0oBF3Jl/6h/Nvs5fzBLwdEF4nuxnFdsfajde4WfxtJr3CaiH+F6ewcIB/q4jQ4UzPyid+CQ==",
      "bin": true
    },
    "once@1.4.0": {
      "integrity": "sha512-lNaJgI+2Q5URQBkccEKHTQOPaXdUxnZZElQTZY0MFUAuaEqe1E+Nyvgdz/aIyNi6Z9MzO5dv1H8n58/GELp3+w==",
      "dependencies": [
        "wrappy"
      ]
    },
    "path-is-absolute@1.0.1": {
      "integrity": "sha512-AVbw3UJ2e9bq64vSaS9Am0fje1Pa8pbGqTTsmXfaIiMpnr5DlDhfJOuLj9Sf95ZPVDAUerDfEk88MPmPe7UCQg=="
    },
    "process-nextick-args@1.0.7": {
      "integrity": "sha512-yN0WQmuCX63LP/TMvAg31nvT6m4vDqJEiiv2CAZqWOGNWutc9DfDk1NPYYmKUFmaVM2UwDowH4u5AHWYP/jxKw=="
    },
    "process-nextick-args@2.0.1": {
      "integrity": "sha512-3ouUOpQhtgrbOa17J7+uxOTpITYWaGP7/AhoR3+A+/1e9skrzelGi/dXzEYyvbxubEF6Wn2ypscTKiKJFFn1ag=="
    },
    "readable-stream@2.1.5": {
      "integrity": "sha512-NkXT2AER7VKXeXtJNSaWLpWIhmtSE3K2PguaLEeWr4JILghcIKqoLt1A3wHrnpDC5+ekf8gfk1GKWkFXe4odMw==",
      "dependencies": [
        "buffer-shims",
        "core-util-is",
        "inherits",
        "isarray",
        "process-nextick-args@1.0.7",
        "string_decoder@0.10.31",
        "util-deprecate"
      ]
    },
    "readable-stream@2.3.7": {
      "integrity": "sha512-Ebho8K4jIbHAxnuxi7o42OrZgF/ZTNcsZj6nRKyUmkhLFq8CHItp/fy6hQZuZmP/n3yZ9VBUbp4zz/mX8hmYPw==",
      "dependencies": [
        "core-util-is",
        "inherits",
        "isarray",
        "process-nextick-args@2.0.1",
        "safe-buffer",
        "string_decoder@1.1.1",
        "util-deprecate"
      ]
    },
    "rimraf@2.7.1": {
      "integrity": "sha512-uWjbaKIK3T1OSVptzX7Nl6PvQ3qAGtKEtVRjRuazjfL3Bx5eI409VZSqgND+4UNnmzLVdPj9FqFJNPqBZFve4w==",
      "dependencies": [
        "glob"
      ],
      "deprecated": true,
      "bin": true
    },
    "safe-buffer@5.1.2": {
      "integrity": "sha512-Gd2UZBJDkXlY7GbJxfsE8/nvKkUEU1G38c1siN6QP6a9PT9MmHB8GnpscSmMJSoF8LOIrt8ud/wPtojys4G6+g=="
    },
    "setimmediate@1.0.5": {
      "integrity": "sha512-MATJdZp8sLqDl/68LfQmbP8zKPLQNV6BIZoIgrscFDQ+RsvK/BxeDQOgyxKKoh0y/8h3BqVFnCqQ/gd+reiIXA=="
    },
    "sqlstring@2.3.1": {
      "integrity": "sha512-ooAzh/7dxIG5+uDik1z/Rd1vli0+38izZhGzSa34FwR7IbelPWCCKSNIl8jlL/F7ERvy8CB2jNeM1E9i9mXMAQ=="
    },
    "ssf@0.11.2": {
      "integrity": "sha512-+idbmIXoYET47hH+d7dfm2epdOMUDjqcB4648sTZ+t2JwoyBFL/insLfB/racrDmsKB3diwsDA696pZMieAC5g==",
      "dependencies": [
        "frac"
      ]
    },
    "string_decoder@0.10.31": {
      "integrity": "sha512-ev2QzSzWPYmy9GuqfIVildA4OdcGLeFZQrq5ys6RtiuF+RQQiZWr8TZNyAcuVXyQRYfEO+MsoB/1BuQVhOJuoQ=="
    },
    "string_decoder@1.1.1": {
      "integrity": "sha512-n/ShnvDi6FHbbVfviro+WojiFzv+s8MPMHBczVePfUpDJLwoLT0ht1l4YwBCbi8pJAveEEdnkHyPyTP/mzRfwg==",
      "dependencies": [
        "safe-buffer"
      ]
    },
    "traverse@0.3.9": {
      "integrity": "sha512-iawgk0hLP3SxGKDfnDJf8wTz4p2qImnyihM5Hh/sGvQ3K37dPi/w8sRhdNIxYA1TwFwc5mDhIJq+O0RsvXBKdQ=="
    },
    "undici-types@7.10.0": {
      "integrity": "sha512-t5Fy/nfn+14LuOc2KNYg75vZqClpAiqscVvMygNnlsHBFpSXdJaYtXMcdNLpl/Qvc3P2cB3s6lOV51nqsFq4ag=="
    },
    "unzipper@0.8.14": {
      "integrity": "sha512-8rFtE7EP5ssOwGpN2dt1Q4njl0N1hUXJ7sSPz0leU2hRdq6+pra57z4YPBlVqm40vcgv6ooKZEAx48fMTv9x4w==",
      "dependencies": [
        "big-integer",
        "binary",
        "bluebird",
        "buffer-indexof-polyfill",
        "duplexer2",
        "fstream",
        "listenercount",
        "readable-stream@2.1.5",
        "setimmediate"
      ]
    },
    "util-deprecate@1.0.2": {
      "integrity": "sha512-EPD5q1uXyFxJpCrLnCc1nHnq3gOa6DZBocAIiI2TaSCA7VCJ1UJDMagCzIkXNsUYfD1daK//LTEQ8xiIbrHtcw=="
    },
    "wmf@1.0.2": {
      "integrity": "sha512-/p9K7bEh0Dj6WbXg4JG0xvLQmIadrner1bi45VMJTfnbVHsc7yIajZyoSoK60/dtVBs12Fm6WkUI5/3WAVsNMw=="
    },
    "word@0.3.0": {
      "integrity": "sha512-OELeY0Q61OXpdUfTp+oweA/vtLVg5VDOXh+3he3PNzLGG/y0oylSOC1xRVj0+l4vQ3tj/bB1HVHv1ocXkQceFA=="
    },
    "wrappy@1.0.2": {
      "integrity": "sha512-l4Sp/DRseor9wL6EvV2+TuQn63dMkPjZ/sp9XkghTEbV9KlPS1xUsZ3u7/IQO4wxtcFB4bgpQPRcR3QCvezPcQ=="
    },
    "xlsx@0.18.5": {
      "integrity": "sha512-dmg3LCjBPHZnQp5/F/+nnTa+miPJxUXB6vtk42YjBBKayDNagxGEeIdWApkYPOf3Z3pm3k62Knjzp7lMeTEtFQ==",
      "dependencies": [
        "adler-32",
        "cfb",
        "codepage",
        "crc-32",
        "ssf",
        "wmf",
        "word"
      ],
      "bin": true
    },
    "xmldom@0.1.31": {
      "integrity": "sha512-yS2uJflVQs6n+CyjHoaBmVSqIDevTAWrzMmjG1Gc7h1qQ7uVozNhEPJAwZXWyGQ/Gafo3fCwrcaokezLPupVyQ==",
      "deprecated": true
    },
    "xpath@0.0.27": {
      "integrity": "sha512-fg03WRxtkCV6ohClePNAECYsmpKKTv5L8y/X3Dn1hQrec3POx2jHZ/0P2qQ6HvsrU1BmeqXcof3NGGueG6LxwQ=="
    }
  },
  "redirects": {
    "https://deno.land/x/mysql/mod.ts": "https://deno.land/x/mysql@v2.12.1/mod.ts"
  },
  "remote": {
    "https://deno.land/std@0.104.0/_util/assert.ts": "2f868145a042a11d5ad0a3c748dcf580add8a0dbc0e876eaa0026303a5488f58",
    "https://deno.land/std@0.104.0/async/deadline.ts": "1d6ac7aeaee22f75eb86e4e105d6161118aad7b41ae2dd14f4cfd3bf97472b93",
    "https://deno.land/std@0.104.0/async/debounce.ts": "b2f693e4baa16b62793fd618de6c003b63228db50ecfe3bd51fc5f6dc0bc264b",
    "https://deno.land/std@0.104.0/async/deferred.ts": "ce81070ad3ba3294f3f34c032af884ccde1a20922b648f6eaee54bd8fd951a1e",
    "https://deno.land/std@0.104.0/async/delay.ts": "9de1d8d07d1927767ab7f82434b883f3d8294fb19cad819691a2ad81a728cf3d",
    "https://deno.land/std@0.104.0/async/mod.ts": "78425176fabea7bd1046ce3819fd69ce40da85c83e0f174d17e8e224a91f7d10",
    "https://deno.land/std@0.104.0/async/mux_async_iterator.ts": "62abff3af9ff619e8f2adc96fc70d4ca020fa48a50c23c13f12d02ed2b760dbe",
    "https://deno.land/std@0.104.0/async/pool.ts": "353ce4f91865da203a097aa6f33de8966340c91b6f4a055611c8c5d534afd12f",
    "https://deno.land/std@0.104.0/async/tee.ts": "6b8f1322b6dd2396202cfbe9cde9cab158d1e962cfd9197b0a97c6657bee79ce",
    "https://deno.land/std@0.104.0/bytes/bytes_list.ts": "a13287edb03f19d27ba4927dec6d6de3e5bd46254cd4aee6f7e5815810122673",
    "https://deno.land/std@0.104.0/bytes/mod.ts": "1ae1ccfe98c4b979f12b015982c7444f81fcb921bea7aa215bf37d84f46e1e13",
    "https://deno.land/std@0.104.0/encoding/base64.ts": "eecae390f1f1d1cae6f6c6d732ede5276bf4b9cd29b1d281678c054dc5cc009e",
    "https://deno.land/std@0.104.0/encoding/hex.ts": "5bc7df19af498c315cdaba69e2fce1b2aef5fc57344e8c21c08991aa8505a260",
    "https://deno.land/std@0.104.0/fmt/colors.ts": "d2f8355f00a74404668fc5a1e4a92983ce1a9b0a6ac1d40efbd681cb8f519586",
    "https://deno.land/std@0.104.0/fs/exists.ts": "b0d2e31654819cc2a8d37df45d6b14686c0cc1d802e9ff09e902a63e98b85a00",
    "https://deno.land/std@0.104.0/hash/_wasm/hash.ts": "313a4820227f1c45fa7204d9c28731b4f8ce97cdcc5f1e7e4efcdf2d70540d32",
    "https://deno.land/std@0.104.0/hash/_wasm/wasm.js": "792f612fbb9998e267f9ae3f82ed72444305cb9c77b5bbf7ff6517fd3b606ed1",
    "https://deno.land/std@0.104.0/hash/hasher.ts": "57a9ec05dd48a9eceed319ac53463d9873490feea3832d58679df6eec51c176b",
    "https://deno.land/std@0.104.0/hash/mod.ts": "dd339a26b094032f38d71311b85745e8d19f2085364794c1877057e057902dd9",
    "https://deno.land/std@0.104.0/io/buffer.ts": "3ead6bb11276ebcf093c403f74f67fd2205a515dbbb9061862c468ca56f37cd8",
    "https://deno.land/std@0.104.0/io/bufio.ts": "6024117aa37f8d21a116654bd5ca5191d803f6492bbc744e3cee5054d0e900d1",
    "https://deno.land/std@0.104.0/io/util.ts": "85c33d61b20fd706acc094fe80d4c8ae618b04abcf3a96ca2b47071842c1c8ac",
    "https://deno.land/std@0.104.0/log/handlers.ts": "8c7221a2408b4097e186b018f3f1a18865d20b98761aa1dccaf1ee3d57298355",
    "https://deno.land/std@0.104.0/log/levels.ts": "088a883039ece5fa0da5f74bc7688654045ea7cb01bf200b438191a28d728eae",
    "https://deno.land/std@0.104.0/log/logger.ts": "6b2dd8cbe6f407100b9becfe61595d7681f8ce3692412fad843de84d617a038e",
    "https://deno.land/std@0.104.0/log/mod.ts": "91711789b28803082b1bdfb123d2c9685a7e01767f2e79c0a82706063ad964d8",
    "https://deno.land/std@0.104.0/testing/_diff.ts": "5d3693155f561d1a5443ac751ac70aab9f5d67b4819a621d4b96b8a1a1c89620",
    "https://deno.land/std@0.104.0/testing/asserts.ts": "e4311d45d956459d4423bc267208fe154b5294989da2ed93257b6a85cae0427e",
    "https://deno.land/std@0.203.0/dotenv/load.ts": "0636983549b98f29ab75c9a22a42d9723f0a389ece5498fe971e7bb2556a12e2",
    "https://deno.land/std@0.203.0/dotenv/mod.ts": "1da8c6d0e7f7d8a5c2b19400b763bc11739df24acec235dda7ea2cfd3d300057",
    "https://deno.land/std@0.77.0/fmt/colors.ts": "c5665c66f1a67228f21c5989bbb04b36d369b98dd7ceac06f5e26856c81c2531",
    "https://deno.land/x/bytes_formater@v1.4.0/deps.ts": "4f98f74e21145423b873a5ca6ead66dc3e674fa81e230a0a395f9b86aafeceea",
    "https://deno.land/x/bytes_formater@v1.4.0/format.ts": "657c41b9f180c3ed0f934dcf75f77b09b6a610be98bb07525bffe2acfd5af4d5",
    "https://deno.land/x/bytes_formater@v1.4.0/mod.ts": "c6bf35303f53d74e9134eb13f666fb388fb4c62c6b12b17542bbadade250a864",
    "https://deno.land/x/mysql@v2.12.1/deps.ts": "68635959a41bb08bc87db007679fb8449febc55d48202dff20b93cc23ef5820d",
    "https://deno.land/x/mysql@v2.12.1/mod.ts": "3246c9c259434563be69cc95d5b792f8aac7ef5d10b8a6c6589aa54ebf1bd266",
    "https://deno.land/x/mysql@v2.12.1/src/auth.ts": "129ea08b180d3e90e567c3f71e60432bb266304c224e17ea39d604bbcc1160d8",
    "https://deno.land/x/mysql@v2.12.1/src/auth_plugin/caching_sha2_password.ts": "aab89e272382e6f408406f860ae6e79628275f4511e27a565049033543c4bdec",
    "https://deno.land/x/mysql@v2.12.1/src/auth_plugin/crypt.ts": "8798819cce1171d95cfee8edda15fe6a652068cad4dc91f81b6e91cf90a13617",
    "https://deno.land/x/mysql@v2.12.1/src/auth_plugin/index.ts": "8617e520ad854e38470aeefd07becdb3397c4cde16c2397dd48d5c10fdd5ab09",
    "https://deno.land/x/mysql@v2.12.1/src/buffer.ts": "59f7e08e196f1b7e58cf5c3cf8ae8f4d0d47d1ae31430076fc468d974d3b59e7",
    "https://deno.land/x/mysql@v2.12.1/src/client.ts": "30912964986667a2ce108c14f7153dd38e8089e55f8068e8d07697f75f2ac22f",
    "https://deno.land/x/mysql@v2.12.1/src/connection.ts": "1d104c05441f8c94ee73123497fbbae28499f3badb0d9fef8cc82540688ada6e",
    "https://deno.land/x/mysql@v2.12.1/src/constant/capabilities.ts": "2324c0e46ac43f59b7b03bdd878d7a14ecc5202b9e133c7e8769345a8290f2a1",
    "https://deno.land/x/mysql@v2.12.1/src/constant/charset.ts": "253d7233679c774df623d1f974ebb358f3678c18fd6a623e25983311d97d959b",
    "https://deno.land/x/mysql@v2.12.1/src/constant/errors.ts": "923bab27d524e43199fa21fdfcbe025580ca76d8b32254ad9505765c502f238a",
    "https://deno.land/x/mysql@v2.12.1/src/constant/mysql_types.ts": "79c50de8eb5919b897e81e2ff2366ee1ffdbb4297f711e15003bdb787bbc8e6c",
    "https://deno.land/x/mysql@v2.12.1/src/constant/packet.ts": "a1e7e00ce30c551c5f95c05d233b8d83f8e1fc865de97be3b317058e173630a9",
    "https://deno.land/x/mysql@v2.12.1/src/deferred.ts": "35d087619d919961e849e382c33b2bfea15b4119f55eca2d9c9047f30512a2cb",
    "https://deno.land/x/mysql@v2.12.1/src/logger.ts": "eb5feb3efdb9fd4887f6eccd5c06b5702591ac032af9857a12bbae86ceefe21b",
    "https://deno.land/x/mysql@v2.12.1/src/packets/builders/auth.ts": "0b53dd5fa0269427aa54c3f6909bd830ffb426009061df89df262c504d6c9b70",
    "https://deno.land/x/mysql@v2.12.1/src/packets/builders/client_capabilities.ts": "1000f2c1a20e0e119b9a416eb4ea4553cc1c5655d289a66e9077bf7a5993d52d",
    "https://deno.land/x/mysql@v2.12.1/src/packets/builders/query.ts": "caf426a72ebe545ff5bab14c8b7b5e412dd8827c091322959cdf4e9aa89ef900",
    "https://deno.land/x/mysql@v2.12.1/src/packets/builders/tls.ts": "2abb4a2fa74c47914372b221cb6f178f6015df54421daf0e10e54d80d7156498",
    "https://deno.land/x/mysql@v2.12.1/src/packets/packet.ts": "d7800cc142226f7dfd3c5f647f03cd3ef308f9d8551b4edb2e1bfb9c758d33b6",
    "https://deno.land/x/mysql@v2.12.1/src/packets/parsers/authswitch.ts": "aa34f21336c4907b3ae968108fcdad8f1c43a303088efd83d972e6c7b258c166",
    "https://deno.land/x/mysql@v2.12.1/src/packets/parsers/err.ts": "4110c4ddc2ae8358d6661fa2522f8eda2e603900d1e433e3684765ed50e88ed8",
    "https://deno.land/x/mysql@v2.12.1/src/packets/parsers/handshake.ts": "88f7ee34e9e0ef089bc5fdefacaccf256ef002b2f7a8ad684e35327682039e73",
    "https://deno.land/x/mysql@v2.12.1/src/packets/parsers/result.ts": "8ab16f1adae67415eefcc17803b0eb828c1f4c6a24c55f25949f418e862d3ec8",
    "https://deno.land/x/mysql@v2.12.1/src/pool.ts": "978ba2813b3886d68be007678360ad43c54dab14b1aea1c07fcdb41222fcc432",
    "https://deno.land/x/mysql@v2.12.1/src/util.ts": "83d38e87cc3901da00ac44bfcd53c0e8d24525262f5c7647c912dccf3ed2dbb5",
    "https://deno.land/x/sql_builder@v1.9.1/util.ts": "b9855dc435972704cf82655019f4ec168ac83550ab4db596c5f6b6d201466384",
    "https://deno.land/x/sqlite@v3.9.1/build/sqlite.js": "2afc7875c7b9c85d89730c4a311ab3a304e5d1bf761fbadd8c07bbdf130f5f9b",
    "https://deno.land/x/sqlite@v3.9.1/build/vfs.js": "7f7778a9fe499cd10738d6e43867340b50b67d3e39142b0065acd51a84cd2e03",
    "https://deno.land/x/sqlite@v3.9.1/mod.ts": "e09fc79d8065fe222578114b109b1fd60077bff1bb75448532077f784f4d6a83",
    "https://deno.land/x/sqlite@v3.9.1/src/constants.ts": "90f3be047ec0a89bcb5d6fc30db121685fc82cb00b1c476124ff47a4b0472aa9",
    "https://deno.land/x/sqlite@v3.9.1/src/db.ts": "03d0c860957496eadedd86e51a6e650670764630e64f56df0092e86c90752401",
    "https://deno.land/x/sqlite@v3.9.1/src/error.ts": "f7a15cb00d7c3797da1aefee3cf86d23e0ae92e73f0ba3165496c3816ab9503a",
    "https://deno.land/x/sqlite@v3.9.1/src/function.ts": "bc778cab7a6d771f690afa27264c524d22fcb96f1bb61959ade7922c15a4ab8d",
    "https://deno.land/x/sqlite@v3.9.1/src/query.ts": "d58abda928f6582d77bad685ecf551b1be8a15e8e38403e293ec38522e030cad",
    "https://deno.land/x/sqlite@v3.9.1/src/wasm.ts": "e79d0baa6e42423257fb3c7cc98091c54399254867e0f34a09b5bdef37bd9487"
  },
  "workspace": {
    "dependencies": [
      "jsr:@gramio/core@~0.1.5",
      "jsr:@gramio/files@0.3",
      "jsr:@std/assert@1",
      "jsr:@std/csv@1",
      "jsr:@std/dotenv@~0.225.5",
      "jsr:@std/uuid@^1.0.9",
      "npm:bcrypt@6",
      "npm:cron@^4.3.4",
      "npm:excel@^1.0.1",
      "npm:mysql@^2.18.1",
      "npm:xlsx@~0.18.5"
    ]
  }
}
